// !$*UTF8*$!
{
	archiveVersion = 1;
	classes = {
	};
	objectVersion = 46;
	objects = {

/* Begin PBXBuildFile section */
		D465E97619C87AAA00A45073 /* Foundation.framework in Frameworks */ = {isa = PBXBuildFile; fileRef = D465E97519C87AA900A45073 /* Foundation.framework */; };
		D465E97819C87AAA00A45073 /* CoreGraphics.framework in Frameworks */ = {isa = PBXBuildFile; fileRef = D465E97719C87AAA00A45073 /* CoreGraphics.framework */; };
		D465E97A19C87AAA00A45073 /* UIKit.framework in Frameworks */ = {isa = PBXBuildFile; fileRef = D465E97919C87AAA00A45073 /* UIKit.framework */; };
		D465E98019C87AAA00A45073 /* InfoPlist.strings in Resources */ = {isa = PBXBuildFile; fileRef = D465E97E19C87AAA00A45073 /* InfoPlist.strings */; };
		D465E98219C87AAA00A45073 /* main.m in Sources */ = {isa = PBXBuildFile; fileRef = D465E98119C87AAA00A45073 /* main.m */; };
		D465E98619C87AAA00A45073 /* WWAppDelegate.m in Sources */ = {isa = PBXBuildFile; fileRef = D465E98519C87AAA00A45073 /* WWAppDelegate.m */; };
		D465E98919C87AAA00A45073 /* Main.storyboard in Resources */ = {isa = PBXBuildFile; fileRef = D465E98719C87AAA00A45073 /* Main.storyboard */; };
		D465E98C19C87AAA00A45073 /* WWViewController.m in Sources */ = {isa = PBXBuildFile; fileRef = D465E98B19C87AAA00A45073 /* WWViewController.m */; };
		D465E98E19C87AAA00A45073 /* Images.xcassets in Resources */ = {isa = PBXBuildFile; fileRef = D465E98D19C87AAA00A45073 /* Images.xcassets */; };
		D465E99519C87AAA00A45073 /* XCTest.framework in Frameworks */ = {isa = PBXBuildFile; fileRef = D465E99419C87AAA00A45073 /* XCTest.framework */; };
		D465E99619C87AAA00A45073 /* Foundation.framework in Frameworks */ = {isa = PBXBuildFile; fileRef = D465E97519C87AA900A45073 /* Foundation.framework */; };
		D465E99719C87AAA00A45073 /* UIKit.framework in Frameworks */ = {isa = PBXBuildFile; fileRef = D465E97919C87AAA00A45073 /* UIKit.framework */; };
		D465E99F19C87AAA00A45073 /* InfoPlist.strings in Resources */ = {isa = PBXBuildFile; fileRef = D465E99D19C87AAA00A45073 /* InfoPlist.strings */; };
		D465E9A119C87AAA00A45073 /* WWSimpleCategoryProjectTests.m in Sources */ = {isa = PBXBuildFile; fileRef = D465E9A019C87AAA00A45073 /* WWSimpleCategoryProjectTests.m */; };
		D465E9AE19C87B9E00A45073 /* NSArray+Simple.m in Sources */ = {isa = PBXBuildFile; fileRef = D465E9AD19C87B9E00A45073 /* NSArray+Simple.m */; };
		D465E9B219C8878F00A45073 /* NSDictionary+Simple.m in Sources */ = {isa = PBXBuildFile; fileRef = D465E9B119C8878F00A45073 /* NSDictionary+Simple.m */; };
		D465E9B519C88DB400A45073 /* NSData+Simple.m in Sources */ = {isa = PBXBuildFile; fileRef = D465E9B419C88DB400A45073 /* NSData+Simple.m */; };
		D465E9B819C8945600A45073 /* NSString+Simple.m in Sources */ = {isa = PBXBuildFile; fileRef = D465E9B719C8945600A45073 /* NSString+Simple.m */; };
/* End PBXBuildFile section */

/* Begin PBXContainerItemProxy section */
		D465E99819C87AAA00A45073 /* PBXContainerItemProxy */ = {
			isa = PBXContainerItemProxy;
			containerPortal = D465E96A19C87AA900A45073 /* Project object */;
			proxyType = 1;
			remoteGlobalIDString = D465E97119C87AA900A45073;
			remoteInfo = WWSimpleCategoryProject;
		};
/* End PBXContainerItemProxy section */

/* Begin PBXFileReference section */
		D465E97219C87AA900A45073 /* WWSimpleCategoryProject.app */ = {isa = PBXFileReference; explicitFileType = wrapper.application; includeInIndex = 0; path = WWSimpleCategoryProject.app; sourceTree = BUILT_PRODUCTS_DIR; };
		D465E97519C87AA900A45073 /* Foundation.framework */ = {isa = PBXFileReference; lastKnownFileType = wrapper.framework; name = Foundation.framework; path = System/Library/Frameworks/Foundation.framework; sourceTree = SDKROOT; };
		D465E97719C87AAA00A45073 /* CoreGraphics.framework */ = {isa = PBXFileReference; lastKnownFileType = wrapper.framework; name = CoreGraphics.framework; path = System/Library/Frameworks/CoreGraphics.framework; sourceTree = SDKROOT; };
		D465E97919C87AAA00A45073 /* UIKit.framework */ = {isa = PBXFileReference; lastKnownFileType = wrapper.framework; name = UIKit.framework; path = System/Library/Frameworks/UIKit.framework; sourceTree = SDKROOT; };
		D465E97D19C87AAA00A45073 /* WWSimpleCategoryProject-Info.plist */ = {isa = PBXFileReference; lastKnownFileType = text.plist.xml; path = "WWSimpleCategoryProject-Info.plist"; sourceTree = "<group>"; };
		D465E97F19C87AAA00A45073 /* en */ = {isa = PBXFileReference; lastKnownFileType = text.plist.strings; name = en; path = en.lproj/InfoPlist.strings; sourceTree = "<group>"; };
		D465E98119C87AAA00A45073 /* main.m */ = {isa = PBXFileReference; lastKnownFileType = sourcecode.c.objc; path = main.m; sourceTree = "<group>"; };
		D465E98319C87AAA00A45073 /* WWSimpleCategoryProject-Prefix.pch */ = {isa = PBXFileReference; lastKnownFileType = sourcecode.c.h; path = "WWSimpleCategoryProject-Prefix.pch"; sourceTree = "<group>"; };
		D465E98419C87AAA00A45073 /* WWAppDelegate.h */ = {isa = PBXFileReference; lastKnownFileType = sourcecode.c.h; path = WWAppDelegate.h; sourceTree = "<group>"; };
		D465E98519C87AAA00A45073 /* WWAppDelegate.m */ = {isa = PBXFileReference; lastKnownFileType = sourcecode.c.objc; path = WWAppDelegate.m; sourceTree = "<group>"; };
		D465E98819C87AAA00A45073 /* Base */ = {isa = PBXFileReference; lastKnownFileType = file.storyboard; name = Base; path = Base.lproj/Main.storyboard; sourceTree = "<group>"; };
		D465E98A19C87AAA00A45073 /* WWViewController.h */ = {isa = PBXFileReference; lastKnownFileType = sourcecode.c.h; path = WWViewController.h; sourceTree = "<group>"; };
		D465E98B19C87AAA00A45073 /* WWViewController.m */ = {isa = PBXFileReference; lastKnownFileType = sourcecode.c.objc; path = WWViewController.m; sourceTree = "<group>"; };
		D465E98D19C87AAA00A45073 /* Images.xcassets */ = {isa = PBXFileReference; lastKnownFileType = folder.assetcatalog; path = Images.xcassets; sourceTree = "<group>"; };
		D465E99319C87AAA00A45073 /* WWSimpleCategoryProjectTests.xctest */ = {isa = PBXFileReference; explicitFileType = wrapper.cfbundle; includeInIndex = 0; path = WWSimpleCategoryProjectTests.xctest; sourceTree = BUILT_PRODUCTS_DIR; };
		D465E99419C87AAA00A45073 /* XCTest.framework */ = {isa = PBXFileReference; lastKnownFileType = wrapper.framework; name = XCTest.framework; path = Library/Frameworks/XCTest.framework; sourceTree = DEVELOPER_DIR; };
		D465E99C19C87AAA00A45073 /* WWSimpleCategoryProjectTests-Info.plist */ = {isa = PBXFileReference; lastKnownFileType = text.plist.xml; path = "WWSimpleCategoryProjectTests-Info.plist"; sourceTree = "<group>"; };
		D465E99E19C87AAA00A45073 /* en */ = {isa = PBXFileReference; lastKnownFileType = text.plist.strings; name = en; path = en.lproj/InfoPlist.strings; sourceTree = "<group>"; };
		D465E9A019C87AAA00A45073 /* WWSimpleCategoryProjectTests.m */ = {isa = PBXFileReference; lastKnownFileType = sourcecode.c.objc; path = WWSimpleCategoryProjectTests.m; sourceTree = "<group>"; };
		D465E9AB19C87B9E00A45073 /* NSArray+Simple.h */ = {isa = PBXFileReference; fileEncoding = 4; lastKnownFileType = sourcecode.c.h; path = "NSArray+Simple.h"; sourceTree = "<group>"; };
		D465E9AD19C87B9E00A45073 /* NSArray+Simple.m */ = {isa = PBXFileReference; fileEncoding = 4; lastKnownFileType = sourcecode.c.objc; path = "NSArray+Simple.m"; sourceTree = "<group>"; };
		D465E9AF19C87BBC00A45073 /* WWSimpleCategory.h */ = {isa = PBXFileReference; lastKnownFileType = sourcecode.c.h; path = WWSimpleCategory.h; sourceTree = "<group>"; };
		D465E9B019C8878F00A45073 /* NSDictionary+Simple.h */ = {isa = PBXFileReference; fileEncoding = 4; lastKnownFileType = sourcecode.c.h; path = "NSDictionary+Simple.h"; sourceTree = "<group>"; };
		D465E9B119C8878F00A45073 /* NSDictionary+Simple.m */ = {isa = PBXFileReference; fileEncoding = 4; lastKnownFileType = sourcecode.c.objc; path = "NSDictionary+Simple.m"; sourceTree = "<group>"; };
		D465E9B319C88DB400A45073 /* NSData+Simple.h */ = {isa = PBXFileReference; fileEncoding = 4; lastKnownFileType = sourcecode.c.h; path = "NSData+Simple.h"; sourceTree = "<group>"; };
		D465E9B419C88DB400A45073 /* NSData+Simple.m */ = {isa = PBXFileReference; fileEncoding = 4; lastKnownFileType = sourcecode.c.objc; path = "NSData+Simple.m"; sourceTree = "<group>"; };
		D465E9B619C8945600A45073 /* NSString+Simple.h */ = {isa = PBXFileReference; fileEncoding = 4; lastKnownFileType = sourcecode.c.h; path = "NSString+Simple.h"; sourceTree = "<group>"; };
		D465E9B719C8945600A45073 /* NSString+Simple.m */ = {isa = PBXFileReference; fileEncoding = 4; lastKnownFileType = sourcecode.c.objc; path = "NSString+Simple.m"; sourceTree = "<group>"; };
/* End PBXFileReference section */

/* Begin PBXFrameworksBuildPhase section */
		D465E96F19C87AA900A45073 /* Frameworks */ = {
			isa = PBXFrameworksBuildPhase;
			buildActionMask = 2147483647;
			files = (
				D465E97819C87AAA00A45073 /* CoreGraphics.framework in Frameworks */,
				D465E97A19C87AAA00A45073 /* UIKit.framework in Frameworks */,
				D465E97619C87AAA00A45073 /* Foundation.framework in Frameworks */,
			);
			runOnlyForDeploymentPostprocessing = 0;
		};
		D465E99019C87AAA00A45073 /* Frameworks */ = {
			isa = PBXFrameworksBuildPhase;
			buildActionMask = 2147483647;
			files = (
				D465E99519C87AAA00A45073 /* XCTest.framework in Frameworks */,
				D465E99719C87AAA00A45073 /* UIKit.framework in Frameworks */,
				D465E99619C87AAA00A45073 /* Foundation.framework in Frameworks */,
			);
			runOnlyForDeploymentPostprocessing = 0;
		};
/* End PBXFrameworksBuildPhase section */

/* Begin PBXGroup section */
		D465E96919C87AA900A45073 = {
			isa = PBXGroup;
			children = (
				D465E9AA19C87B2800A45073 /* WWSimpleCategory */,
				D465E97B19C87AAA00A45073 /* WWSimpleCategoryProject */,
				D465E99A19C87AAA00A45073 /* WWSimpleCategoryProjectTests */,
				D465E97419C87AA900A45073 /* Frameworks */,
				D465E97319C87AA900A45073 /* Products */,
			);
			sourceTree = "<group>";
		};
		D465E97319C87AA900A45073 /* Products */ = {
			isa = PBXGroup;
			children = (
				D465E97219C87AA900A45073 /* WWSimpleCategoryProject.app */,
				D465E99319C87AAA00A45073 /* WWSimpleCategoryProjectTests.xctest */,
			);
			name = Products;
			sourceTree = "<group>";
		};
		D465E97419C87AA900A45073 /* Frameworks */ = {
			isa = PBXGroup;
			children = (
				D465E97519C87AA900A45073 /* Foundation.framework */,
				D465E97719C87AAA00A45073 /* CoreGraphics.framework */,
				D465E97919C87AAA00A45073 /* UIKit.framework */,
				D465E99419C87AAA00A45073 /* XCTest.framework */,
			);
			name = Frameworks;
			sourceTree = "<group>";
		};
		D465E97B19C87AAA00A45073 /* WWSimpleCategoryProject */ = {
			isa = PBXGroup;
			children = (
				D465E98419C87AAA00A45073 /* WWAppDelegate.h */,
				D465E98519C87AAA00A45073 /* WWAppDelegate.m */,
				D465E98719C87AAA00A45073 /* Main.storyboard */,
				D465E98A19C87AAA00A45073 /* WWViewController.h */,
				D465E98B19C87AAA00A45073 /* WWViewController.m */,
				D465E98D19C87AAA00A45073 /* Images.xcassets */,
				D465E97C19C87AAA00A45073 /* Supporting Files */,
			);
			path = WWSimpleCategoryProject;
			sourceTree = "<group>";
		};
		D465E97C19C87AAA00A45073 /* Supporting Files */ = {
			isa = PBXGroup;
			children = (
				D465E97D19C87AAA00A45073 /* WWSimpleCategoryProject-Info.plist */,
				D465E97E19C87AAA00A45073 /* InfoPlist.strings */,
				D465E98119C87AAA00A45073 /* main.m */,
				D465E98319C87AAA00A45073 /* WWSimpleCategoryProject-Prefix.pch */,
			);
			name = "Supporting Files";
			sourceTree = "<group>";
		};
		D465E99A19C87AAA00A45073 /* WWSimpleCategoryProjectTests */ = {
			isa = PBXGroup;
			children = (
				D465E9A019C87AAA00A45073 /* WWSimpleCategoryProjectTests.m */,
				D465E99B19C87AAA00A45073 /* Supporting Files */,
			);
			path = WWSimpleCategoryProjectTests;
			sourceTree = "<group>";
		};
		D465E99B19C87AAA00A45073 /* Supporting Files */ = {
			isa = PBXGroup;
			children = (
				D465E99C19C87AAA00A45073 /* WWSimpleCategoryProjectTests-Info.plist */,
				D465E99D19C87AAA00A45073 /* InfoPlist.strings */,
			);
			name = "Supporting Files";
			sourceTree = "<group>";
		};
		D465E9AA19C87B2800A45073 /* WWSimpleCategory */ = {
			isa = PBXGroup;
			children = (
				D465E9AF19C87BBC00A45073 /* WWSimpleCategory.h */,
				D465E9AB19C87B9E00A45073 /* NSArray+Simple.h */,
				D465E9AD19C87B9E00A45073 /* NSArray+Simple.m */,
				D465E9B319C88DB400A45073 /* NSData+Simple.h */,
				D465E9B419C88DB400A45073 /* NSData+Simple.m */,
				D465E9B019C8878F00A45073 /* NSDictionary+Simple.h */,
				D465E9B119C8878F00A45073 /* NSDictionary+Simple.m */,
				D465E9B619C8945600A45073 /* NSString+Simple.h */,
				D465E9B719C8945600A45073 /* NSString+Simple.m */,
			);
			path = WWSimpleCategory;
			sourceTree = "<group>";
		};
/* End PBXGroup section */

/* Begin PBXNativeTarget section */
		D465E97119C87AA900A45073 /* WWSimpleCategoryProject */ = {
			isa = PBXNativeTarget;
			buildConfigurationList = D465E9A419C87AAA00A45073 /* Build configuration list for PBXNativeTarget "WWSimpleCategoryProject" */;
			buildPhases = (
				D465E96E19C87AA900A45073 /* Sources */,
				D465E96F19C87AA900A45073 /* Frameworks */,
				D465E97019C87AA900A45073 /* Resources */,
			);
			buildRules = (
			);
			dependencies = (
			);
			name = WWSimpleCategoryProject;
			productName = WWSimpleCategoryProject;
			productReference = D465E97219C87AA900A45073 /* WWSimpleCategoryProject.app */;
			productType = "com.apple.product-type.application";
		};
		D465E99219C87AAA00A45073 /* WWSimpleCategoryProjectTests */ = {
			isa = PBXNativeTarget;
			buildConfigurationList = D465E9A719C87AAA00A45073 /* Build configuration list for PBXNativeTarget "WWSimpleCategoryProjectTests" */;
			buildPhases = (
				D465E98F19C87AAA00A45073 /* Sources */,
				D465E99019C87AAA00A45073 /* Frameworks */,
				D465E99119C87AAA00A45073 /* Resources */,
			);
			buildRules = (
			);
			dependencies = (
				D465E99919C87AAA00A45073 /* PBXTargetDependency */,
			);
			name = WWSimpleCategoryProjectTests;
			productName = WWSimpleCategoryProjectTests;
			productReference = D465E99319C87AAA00A45073 /* WWSimpleCategoryProjectTests.xctest */;
			productType = "com.apple.product-type.bundle.unit-test";
		};
/* End PBXNativeTarget section */

/* Begin PBXProject section */
		D465E96A19C87AA900A45073 /* Project object */ = {
			isa = PBXProject;
			attributes = {
				CLASSPREFIX = WW;
				LastUpgradeCheck = 0510;
				ORGANIZATIONNAME = "Won Woo Choi";
				TargetAttributes = {
					D465E99219C87AAA00A45073 = {
						TestTargetID = D465E97119C87AA900A45073;
					};
				};
			};
			buildConfigurationList = D465E96D19C87AA900A45073 /* Build configuration list for PBXProject "WWSimpleCategoryProject" */;
			compatibilityVersion = "Xcode 3.2";
			developmentRegion = English;
			hasScannedForEncodings = 0;
			knownRegions = (
				en,
				Base,
			);
			mainGroup = D465E96919C87AA900A45073;
			productRefGroup = D465E97319C87AA900A45073 /* Products */;
			projectDirPath = "";
			projectRoot = "";
			targets = (
				D465E97119C87AA900A45073 /* WWSimpleCategoryProject */,
				D465E99219C87AAA00A45073 /* WWSimpleCategoryProjectTests */,
			);
		};
/* End PBXProject section */

/* Begin PBXResourcesBuildPhase section */
		D465E97019C87AA900A45073 /* Resources */ = {
			isa = PBXResourcesBuildPhase;
			buildActionMask = 2147483647;
			files = (
				D465E98E19C87AAA00A45073 /* Images.xcassets in Resources */,
				D465E98019C87AAA00A45073 /* InfoPlist.strings in Resources */,
				D465E98919C87AAA00A45073 /* Main.storyboard in Resources */,
			);
			runOnlyForDeploymentPostprocessing = 0;
		};
		D465E99119C87AAA00A45073 /* Resources */ = {
			isa = PBXResourcesBuildPhase;
			buildActionMask = 2147483647;
			files = (
				D465E99F19C87AAA00A45073 /* InfoPlist.strings in Resources */,
			);
			runOnlyForDeploymentPostprocessing = 0;
		};
/* End PBXResourcesBuildPhase section */

/* Begin PBXSourcesBuildPhase section */
		D465E96E19C87AA900A45073 /* Sources */ = {
			isa = PBXSourcesBuildPhase;
			buildActionMask = 2147483647;
			files = (
				D465E9B819C8945600A45073 /* NSString+Simple.m in Sources */,
				D465E9B519C88DB400A45073 /* NSData+Simple.m in Sources */,
				D465E9B219C8878F00A45073 /* NSDictionary+Simple.m in Sources */,
				D465E98619C87AAA00A45073 /* WWAppDelegate.m in Sources */,
				D465E98219C87AAA00A45073 /* main.m in Sources */,
				D465E9AE19C87B9E00A45073 /* NSArray+Simple.m in Sources */,
				D465E98C19C87AAA00A45073 /* WWViewController.m in Sources */,
			);
			runOnlyForDeploymentPostprocessing = 0;
		};
		D465E98F19C87AAA00A45073 /* Sources */ = {
			isa = PBXSourcesBuildPhase;
			buildActionMask = 2147483647;
			files = (
				D465E9A119C87AAA00A45073 /* WWSimpleCategoryProjectTests.m in Sources */,
			);
			runOnlyForDeploymentPostprocessing = 0;
		};
/* End PBXSourcesBuildPhase section */

/* Begin PBXTargetDependency section */
		D465E99919C87AAA00A45073 /* PBXTargetDependency */ = {
			isa = PBXTargetDependency;
			target = D465E97119C87AA900A45073 /* WWSimpleCategoryProject */;
			targetProxy = D465E99819C87AAA00A45073 /* PBXContainerItemProxy */;
		};
/* End PBXTargetDependency section */

/* Begin PBXVariantGroup section */
		D465E97E19C87AAA00A45073 /* InfoPlist.strings */ = {
			isa = PBXVariantGroup;
			children = (
				D465E97F19C87AAA00A45073 /* en */,
			);
			name = InfoPlist.strings;
			sourceTree = "<group>";
		};
		D465E98719C87AAA00A45073 /* Main.storyboard */ = {
			isa = PBXVariantGroup;
			children = (
				D465E98819C87AAA00A45073 /* Base */,
			);
			name = Main.storyboard;
			sourceTree = "<group>";
		};
		D465E99D19C87AAA00A45073 /* InfoPlist.strings */ = {
			isa = PBXVariantGroup;
			children = (
				D465E99E19C87AAA00A45073 /* en */,
			);
			name = InfoPlist.strings;
			sourceTree = "<group>";
		};
/* End PBXVariantGroup section */

/* Begin XCBuildConfiguration section */
		D465E9A219C87AAA00A45073 /* Debug */ = {
			isa = XCBuildConfiguration;
			buildSettings = {
				ALWAYS_SEARCH_USER_PATHS = NO;
				CLANG_CXX_LANGUAGE_STANDARD = "gnu++0x";
				CLANG_CXX_LIBRARY = "libc++";
				CLANG_ENABLE_MODULES = YES;
				CLANG_ENABLE_OBJC_ARC = YES;
				CLANG_WARN_BOOL_CONVERSION = YES;
				CLANG_WARN_CONSTANT_CONVERSION = YES;
				CLANG_WARN_DIRECT_OBJC_ISA_USAGE = YES_ERROR;
				CLANG_WARN_EMPTY_BODY = YES;
				CLANG_WARN_ENUM_CONVERSION = YES;
				CLANG_WARN_INT_CONVERSION = YES;
				CLANG_WARN_OBJC_ROOT_CLASS = YES_ERROR;
				CLANG_WARN__DUPLICATE_METHOD_MATCH = YES;
				"CODE_SIGN_IDENTITY[sdk=iphoneos*]" = "iPhone Developer";
				COPY_PHASE_STRIP = NO;
				GCC_C_LANGUAGE_STANDARD = gnu99;
				GCC_DYNAMIC_NO_PIC = NO;
				GCC_OPTIMIZATION_LEVEL = 0;
				GCC_PREPROCESSOR_DEFINITIONS = (
					"DEBUG=1",
					"$(inherited)",
				);
				GCC_SYMBOLS_PRIVATE_EXTERN = NO;
				GCC_WARN_64_TO_32_BIT_CONVERSION = YES;
				GCC_WARN_ABOUT_RETURN_TYPE = YES_ERROR;
				GCC_WARN_UNDECLARED_SELECTOR = YES;
				GCC_WARN_UNINITIALIZED_AUTOS = YES_AGGRESSIVE;
				GCC_WARN_UNUSED_FUNCTION = YES;
				GCC_WARN_UNUSED_VARIABLE = YES;
				IPHONEOS_DEPLOYMENT_TARGET = 7.1;
				ONLY_ACTIVE_ARCH = YES;
				SDKROOT = iphoneos;
			};
			name = Debug;
		};
		D465E9A319C87AAA00A45073 /* Release */ = {
			isa = XCBuildConfiguration;
			buildSettings = {
				ALWAYS_SEARCH_USER_PATHS = NO;
				CLANG_CXX_LANGUAGE_STANDARD = "gnu++0x";
				CLANG_CXX_LIBRARY = "libc++";
				CLANG_ENABLE_MODULES = YES;
				CLANG_ENABLE_OBJC_ARC = YES;
				CLANG_WARN_BOOL_CONVERSION = YES;
				CLANG_WARN_CONSTANT_CONVERSION = YES;
				CLANG_WARN_DIRECT_OBJC_ISA_USAGE = YES_ERROR;
				CLANG_WARN_EMPTY_BODY = YES;
				CLANG_WARN_ENUM_CONVERSION = YES;
				CLANG_WARN_INT_CONVERSION = YES;
				CLANG_WARN_OBJC_ROOT_CLASS = YES_ERROR;
				CLANG_WARN__DUPLICATE_METHOD_MATCH = YES;
				"CODE_SIGN_IDENTITY[sdk=iphoneos*]" = "iPhone Developer";
				COPY_PHASE_STRIP = YES;
				ENABLE_NS_ASSERTIONS = NO;
				GCC_C_LANGUAGE_STANDARD = gnu99;
				GCC_WARN_64_TO_32_BIT_CONVERSION = YES;
				GCC_WARN_ABOUT_RETURN_TYPE = YES_ERROR;
				GCC_WARN_UNDECLARED_SELECTOR = YES;
				GCC_WARN_UNINITIALIZED_AUTOS = YES_AGGRESSIVE;
				GCC_WARN_UNUSED_FUNCTION = YES;
				GCC_WARN_UNUSED_VARIABLE = YES;
				IPHONEOS_DEPLOYMENT_TARGET = 7.1;
				SDKROOT = iphoneos;
				VALIDATE_PRODUCT = YES;
			};
			name = Release;
		};
		D465E9A519C87AAA00A45073 /* Debug */ = {
			isa = XCBuildConfiguration;
			buildSettings = {
				ASSETCATALOG_COMPILER_APPICON_NAME = AppIcon;
				ASSETCATALOG_COMPILER_LAUNCHIMAGE_NAME = LaunchImage;
				GCC_PRECOMPILE_PREFIX_HEADER = YES;
				GCC_PREFIX_HEADER = "WWSimpleCategoryProject/WWSimpleCategoryProject-Prefix.pch";
				INFOPLIST_FILE = "WWSimpleCategoryProject/WWSimpleCategoryProject-Info.plist";
				PRODUCT_NAME = "$(TARGET_NAME)";
				WRAPPER_EXTENSION = app;
			};
			name = Debug;
		};
		D465E9A619C87AAA00A45073 /* Release */ = {
			isa = XCBuildConfiguration;
			buildSettings = {
				ASSETCATALOG_COMPILER_APPICON_NAME = AppIcon;
				ASSETCATALOG_COMPILER_LAUNCHIMAGE_NAME = LaunchImage;
				GCC_PRECOMPILE_PREFIX_HEADER = YES;
				GCC_PREFIX_HEADER = "WWSimpleCategoryProject/WWSimpleCategoryProject-Prefix.pch";
				INFOPLIST_FILE = "WWSimpleCategoryProject/WWSimpleCategoryProject-Info.plist";
				PRODUCT_NAME = "$(TARGET_NAME)";
				WRAPPER_EXTENSION = app;
			};
			name = Release;
		};
		D465E9A819C87AAA00A45073 /* Debug */ = {
			isa = XCBuildConfiguration;
			buildSettings = {
				BUNDLE_LOADER = "$(BUILT_PRODUCTS_DIR)/WWSimpleCategoryProject.app/WWSimpleCategoryProject";
				FRAMEWORK_SEARCH_PATHS = (
					"$(SDKROOT)/Developer/Library/Frameworks",
					"$(inherited)",
					"$(DEVELOPER_FRAMEWORKS_DIR)",
				);
				GCC_PRECOMPILE_PREFIX_HEADER = YES;
				GCC_PREFIX_HEADER = "WWSimpleCategoryProject/WWSimpleCategoryProject-Prefix.pch";
				GCC_PREPROCESSOR_DEFINITIONS = (
					"DEBUG=1",
					"$(inherited)",
				);
				INFOPLIST_FILE = "WWSimpleCategoryProjectTests/WWSimpleCategoryProjectTests-Info.plist";
				PRODUCT_NAME = "$(TARGET_NAME)";
				TEST_HOST = "$(BUNDLE_LOADER)";
				WRAPPER_EXTENSION = xctest;
			};
			name = Debug;
		};
		D465E9A919C87AAA00A45073 /* Release */ = {
			isa = XCBuildConfiguration;
			buildSettings = {
				BUNDLE_LOADER = "$(BUILT_PRODUCTS_DIR)/WWSimpleCategoryProject.app/WWSimpleCategoryProject";
				FRAMEWORK_SEARCH_PATHS = (
					"$(SDKROOT)/Developer/Library/Frameworks",
					"$(inherited)",
					"$(DEVELOPER_FRAMEWORKS_DIR)",
				);
				GCC_PRECOMPILE_PREFIX_HEADER = YES;
				GCC_PREFIX_HEADER = "WWSimpleCategoryProject/WWSimpleCategoryProject-Prefix.pch";
				INFOPLIST_FILE = "WWSimpleCategoryProjectTests/WWSimpleCategoryProjectTests-Info.plist";
				PRODUCT_NAME = "$(TARGET_NAME)";
				TEST_HOST = "$(BUNDLE_LOADER)";
				WRAPPER_EXTENSION = xctest;
			};
			name = Release;
		};
/* End XCBuildConfiguration section */

/* Begin XCConfigurationList section */
		D465E96D19C87AA900A45073 /* Build configuration list for PBXProject "WWSimpleCategoryProject" */ = {
			isa = XCConfigurationList;
			buildConfigurations = (
				D465E9A219C87AAA00A45073 /* Debug */,
				D465E9A319C87AAA00A45073 /* Release */,
			);
			defaultConfigurationIsVisible = 0;
			defaultConfigurationName = Release;
		};
		D465E9A419C87AAA00A45073 /* Build configuration list for PBXNativeTarget "WWSimpleCategoryProject" */ = {
			isa = XCConfigurationList;
			buildConfigurations = (
				D465E9A519C87AAA00A45073 /* Debug */,
				D465E9A619C87AAA00A45073 /* Release */,
			);
			defaultConfigurationIsVisible = 0;
			defaultConfigurationName = Release;
		};
		D465E9A719C87AAA00A45073 /* Build configuration list for PBXNativeTarget "WWSimpleCategoryProjectTests" */ = {
			isa = XCConfigurationList;
			buildConfigurations = (
				D465E9A819C87AAA00A45073 /* Debug */,
				D465E9A919C87AAA00A45073 /* Release */,
			);
			defaultConfigurationIsVisible = 0;
			defaultConfigurationName = Release;
		};
/* End XCConfigurationList section */
	};
	rootObject = D465E96A19C87AA900A45073 /* Project object */;
}
